// !$*UTF8*$!
{
	archiveVersion = 1;
	classes = {
	};
	objectVersion = 56;
	objects = {

/* Begin PBXBuildFile section */
		FE42D13428E0F5EB001CF856 /* Code_HistoryApp.swift in Sources */ = {isa = PBXBuildFile; fileRef = FE42D13328E0F5EB001CF856 /* Code_HistoryApp.swift */; };
		FE42D13628E0F5EB001CF856 /* GameView.swift in Sources */ = {isa = PBXBuildFile; fileRef = FE42D13528E0F5EB001CF856 /* GameView.swift */; };
		FE42D13828E0F5ED001CF856 /* Assets.xcassets in Resources */ = {isa = PBXBuildFile; fileRef = FE42D13728E0F5ED001CF856 /* Assets.xcassets */; };
		FE42D13B28E0F5ED001CF856 /* Preview Assets.xcassets in Resources */ = {isa = PBXBuildFile; fileRef = FE42D13A28E0F5ED001CF856 /* Preview Assets.xcassets */; };
		FE42D14528E0F5ED001CF856 /* Code_HistoryTests.swift in Sources */ = {isa = PBXBuildFile; fileRef = FE42D14428E0F5ED001CF856 /* Code_HistoryTests.swift */; };
		FE42D14F28E0F5ED001CF856 /* Code_HistoryUITests.swift in Sources */ = {isa = PBXBuildFile; fileRef = FE42D14E28E0F5ED001CF856 /* Code_HistoryUITests.swift */; };
		FE42D15128E0F5ED001CF856 /* Code_HistoryUITestsLaunchTests.swift in Sources */ = {isa = PBXBuildFile; fileRef = FE42D15028E0F5ED001CF856 /* Code_HistoryUITestsLaunchTests.swift */; };
		FEC6357228E49CDE00024ACF /* Question.swift in Sources */ = {isa = PBXBuildFile; fileRef = FEC6357128E49CDE00024ACF /* Question.swift */; };
		FEC6357428E49F1B00024ACF /* ChoiceTextView.swift in Sources */ = {isa = PBXBuildFile; fileRef = FEC6357328E49F1B00024ACF /* ChoiceTextView.swift */; };
		FEC6357628E520E300024ACF /* Game.swift in Sources */ = {isa = PBXBuildFile; fileRef = FEC6357528E520E300024ACF /* Game.swift */; };
		FEC6357A28E531A700024ACF /* WelcomeView.swift in Sources */ = {isa = PBXBuildFile; fileRef = FEC6357928E531A700024ACF /* WelcomeView.swift */; };
		FEC6357C28E533A900024ACF /* GameColor.swift in Sources */ = {isa = PBXBuildFile; fileRef = FEC6357B28E533A900024ACF /* GameColor.swift */; };
		FEC6357E28E5348800024ACF /* BottomTextView.swift in Sources */ = {isa = PBXBuildFile; fileRef = FEC6357D28E5348800024ACF /* BottomTextView.swift */; };
		FEC6358128E538D000024ACF /* GameViewModel.swift in Sources */ = {isa = PBXBuildFile; fileRef = FEC6358028E538D000024ACF /* GameViewModel.swift */; };
/* End PBXBuildFile section */

/* Begin PBXContainerItemProxy section */
		FE42D14128E0F5ED001CF856 /* PBXContainerItemProxy */ = {
			isa = PBXContainerItemProxy;
			containerPortal = FE42D12828E0F5EB001CF856 /* Project object */;
			proxyType = 1;
			remoteGlobalIDString = FE42D12F28E0F5EB001CF856;
			remoteInfo = "Code History";
		};
		FE42D14B28E0F5ED001CF856 /* PBXContainerItemProxy */ = {
			isa = PBXContainerItemProxy;
			containerPortal = FE42D12828E0F5EB001CF856 /* Project object */;
			proxyType = 1;
			remoteGlobalIDString = FE42D12F28E0F5EB001CF856;
			remoteInfo = "Code History";
		};
/* End PBXContainerItemProxy section */

/* Begin PBXFileReference section */
		FE42D13028E0F5EB001CF856 /* Code History.app */ = {isa = PBXFileReference; explicitFileType = wrapper.application; includeInIndex = 0; path = "Code History.app"; sourceTree = BUILT_PRODUCTS_DIR; };
		FE42D13328E0F5EB001CF856 /* Code_HistoryApp.swift */ = {isa = PBXFileReference; lastKnownFileType = sourcecode.swift; path = Code_HistoryApp.swift; sourceTree = "<group>"; };
		FE42D13528E0F5EB001CF856 /* GameView.swift */ = {isa = PBXFileReference; lastKnownFileType = sourcecode.swift; path = GameView.swift; sourceTree = "<group>"; };
		FE42D13728E0F5ED001CF856 /* Assets.xcassets */ = {isa = PBXFileReference; lastKnownFileType = folder.assetcatalog; path = Assets.xcassets; sourceTree = "<group>"; };
		FE42D13A28E0F5ED001CF856 /* Preview Assets.xcassets */ = {isa = PBXFileReference; lastKnownFileType = folder.assetcatalog; path = "Preview Assets.xcassets"; sourceTree = "<group>"; };
		FE42D14028E0F5ED001CF856 /* Code HistoryTests.xctest */ = {isa = PBXFileReference; explicitFileType = wrapper.cfbundle; includeInIndex = 0; path = "Code HistoryTests.xctest"; sourceTree = BUILT_PRODUCTS_DIR; };
		FE42D14428E0F5ED001CF856 /* Code_HistoryTests.swift */ = {isa = PBXFileReference; lastKnownFileType = sourcecode.swift; path = Code_HistoryTests.swift; sourceTree = "<group>"; };
		FE42D14A28E0F5ED001CF856 /* Code HistoryUITests.xctest */ = {isa = PBXFileReference; explicitFileType = wrapper.cfbundle; includeInIndex = 0; path = "Code HistoryUITests.xctest"; sourceTree = BUILT_PRODUCTS_DIR; };
		FE42D14E28E0F5ED001CF856 /* Code_HistoryUITests.swift */ = {isa = PBXFileReference; lastKnownFileType = sourcecode.swift; path = Code_HistoryUITests.swift; sourceTree = "<group>"; };
		FE42D15028E0F5ED001CF856 /* Code_HistoryUITestsLaunchTests.swift */ = {isa = PBXFileReference; lastKnownFileType = sourcecode.swift; path = Code_HistoryUITestsLaunchTests.swift; sourceTree = "<group>"; };
		FEC6357128E49CDE00024ACF /* Question.swift */ = {isa = PBXFileReference; lastKnownFileType = sourcecode.swift; path = Question.swift; sourceTree = "<group>"; };
		FEC6357328E49F1B00024ACF /* ChoiceTextView.swift */ = {isa = PBXFileReference; lastKnownFileType = sourcecode.swift; path = ChoiceTextView.swift; sourceTree = "<group>"; };
		FEC6357528E520E300024ACF /* Game.swift */ = {isa = PBXFileReference; lastKnownFileType = sourcecode.swift; path = Game.swift; sourceTree = "<group>"; };
		FEC6357928E531A700024ACF /* WelcomeView.swift */ = {isa = PBXFileReference; lastKnownFileType = sourcecode.swift; path = WelcomeView.swift; sourceTree = "<group>"; };
		FEC6357B28E533A900024ACF /* GameColor.swift */ = {isa = PBXFileReference; lastKnownFileType = sourcecode.swift; path = GameColor.swift; sourceTree = "<group>"; };
		FEC6357D28E5348800024ACF /* BottomTextView.swift */ = {isa = PBXFileReference; lastKnownFileType = sourcecode.swift; path = BottomTextView.swift; sourceTree = "<group>"; };
		FEC6358028E538D000024ACF /* GameViewModel.swift */ = {isa = PBXFileReference; lastKnownFileType = sourcecode.swift; path = GameViewModel.swift; sourceTree = "<group>"; };
/* End PBXFileReference section */

/* Begin PBXFrameworksBuildPhase section */
		FE42D12D28E0F5EB001CF856 /* Frameworks */ = {
			isa = PBXFrameworksBuildPhase;
			buildActionMask = 2147483647;
			files = (
			);
			runOnlyForDeploymentPostprocessing = 0;
		};
		FE42D13D28E0F5ED001CF856 /* Frameworks */ = {
			isa = PBXFrameworksBuildPhase;
			buildActionMask = 2147483647;
			files = (
			);
			runOnlyForDeploymentPostprocessing = 0;
		};
		FE42D14728E0F5ED001CF856 /* Frameworks */ = {
			isa = PBXFrameworksBuildPhase;
			buildActionMask = 2147483647;
			files = (
			);
			runOnlyForDeploymentPostprocessing = 0;
		};
/* End PBXFrameworksBuildPhase section */

/* Begin PBXGroup section */
		FE42D12728E0F5EB001CF856 = {
			isa = PBXGroup;
			children = (
				FEC6357F28E538BD00024ACF /* ViewModels */,
				FEC6357828E5212F00024ACF /* Views */,
				FEC6357728E5210E00024ACF /* Models */,
				FE42D13228E0F5EB001CF856 /* Code History */,
				FE42D14328E0F5ED001CF856 /* Code HistoryTests */,
				FE42D14D28E0F5ED001CF856 /* Code HistoryUITests */,
				FE42D13128E0F5EB001CF856 /* Products */,
			);
			sourceTree = "<group>";
		};
		FE42D13128E0F5EB001CF856 /* Products */ = {
			isa = PBXGroup;
			children = (
				FE42D13028E0F5EB001CF856 /* Code History.app */,
				FE42D14028E0F5ED001CF856 /* Code HistoryTests.xctest */,
				FE42D14A28E0F5ED001CF856 /* Code HistoryUITests.xctest */,
			);
			name = Products;
			sourceTree = "<group>";
		};
		FE42D13228E0F5EB001CF856 /* Code History */ = {
			isa = PBXGroup;
			children = (
				FE42D13328E0F5EB001CF856 /* Code_HistoryApp.swift */,
				FE42D13728E0F5ED001CF856 /* Assets.xcassets */,
				FE42D13928E0F5ED001CF856 /* Preview Content */,
			);
			path = "Code History";
			sourceTree = "<group>";
		};
		FE42D13928E0F5ED001CF856 /* Preview Content */ = {
			isa = PBXGroup;
			children = (
				FE42D13A28E0F5ED001CF856 /* Preview Assets.xcassets */,
			);
			path = "Preview Content";
			sourceTree = "<group>";
		};
		FE42D14328E0F5ED001CF856 /* Code HistoryTests */ = {
			isa = PBXGroup;
			children = (
				FE42D14428E0F5ED001CF856 /* Code_HistoryTests.swift */,
			);
			path = "Code HistoryTests";
			sourceTree = "<group>";
		};
		FE42D14D28E0F5ED001CF856 /* Code HistoryUITests */ = {
			isa = PBXGroup;
			children = (
				FE42D14E28E0F5ED001CF856 /* Code_HistoryUITests.swift */,
				FE42D15028E0F5ED001CF856 /* Code_HistoryUITestsLaunchTests.swift */,
			);
			path = "Code HistoryUITests";
			sourceTree = "<group>";
		};
		FEC6357728E5210E00024ACF /* Models */ = {
			isa = PBXGroup;
			children = (
				FEC6357128E49CDE00024ACF /* Question.swift */,
				FEC6357528E520E300024ACF /* Game.swift */,
			);
			path = Models;
			sourceTree = "<group>";
		};
		FEC6357828E5212F00024ACF /* Views */ = {
			isa = PBXGroup;
			children = (
				FEC6357328E49F1B00024ACF /* ChoiceTextView.swift */,
				FE42D13528E0F5EB001CF856 /* GameView.swift */,
				FEC6357928E531A700024ACF /* WelcomeView.swift */,
				FEC6357B28E533A900024ACF /* GameColor.swift */,
				FEC6357D28E5348800024ACF /* BottomTextView.swift */,
			);
			path = Views;
			sourceTree = "<group>";
		};
		FEC6357F28E538BD00024ACF /* ViewModels */ = {
			isa = PBXGroup;
			children = (
				FEC6358028E538D000024ACF /* GameViewModel.swift */,
			);
			path = ViewModels;
			sourceTree = "<group>";
		};
/* End PBXGroup section */

/* Begin PBXNativeTarget section */
		FE42D12F28E0F5EB001CF856 /* Code History */ = {
			isa = PBXNativeTarget;
			buildConfigurationList = FE42D15428E0F5ED001CF856 /* Build configuration list for PBXNativeTarget "Code History" */;
			buildPhases = (
				FE42D12C28E0F5EB001CF856 /* Sources */,
				FE42D12D28E0F5EB001CF856 /* Frameworks */,
				FE42D12E28E0F5EB001CF856 /* Resources */,
			);
			buildRules = (
			);
			dependencies = (
			);
			name = "Code History";
			productName = "Code History";
			productReference = FE42D13028E0F5EB001CF856 /* Code History.app */;
			productType = "com.apple.product-type.application";
		};
		FE42D13F28E0F5ED001CF856 /* Code HistoryTests */ = {
			isa = PBXNativeTarget;
			buildConfigurationList = FE42D15728E0F5ED001CF856 /* Build configuration list for PBXNativeTarget "Code HistoryTests" */;
			buildPhases = (
				FE42D13C28E0F5ED001CF856 /* Sources */,
				FE42D13D28E0F5ED001CF856 /* Frameworks */,
				FE42D13E28E0F5ED001CF856 /* Resources */,
			);
			buildRules = (
			);
			dependencies = (
				FE42D14228E0F5ED001CF856 /* PBXTargetDependency */,
			);
			name = "Code HistoryTests";
			productName = "Code HistoryTests";
			productReference = FE42D14028E0F5ED001CF856 /* Code HistoryTests.xctest */;
			productType = "com.apple.product-type.bundle.unit-test";
		};
		FE42D14928E0F5ED001CF856 /* Code HistoryUITests */ = {
			isa = PBXNativeTarget;
			buildConfigurationList = FE42D15A28E0F5ED001CF856 /* Build configuration list for PBXNativeTarget "Code HistoryUITests" */;
			buildPhases = (
				FE42D14628E0F5ED001CF856 /* Sources */,
				FE42D14728E0F5ED001CF856 /* Frameworks */,
				FE42D14828E0F5ED001CF856 /* Resources */,
			);
			buildRules = (
			);
			dependencies = (
				FE42D14C28E0F5ED001CF856 /* PBXTargetDependency */,
			);
			name = "Code HistoryUITests";
			productName = "Code HistoryUITests";
			productReference = FE42D14A28E0F5ED001CF856 /* Code HistoryUITests.xctest */;
			productType = "com.apple.product-type.bundle.ui-testing";
		};
/* End PBXNativeTarget section */

/* Begin PBXProject section */
		FE42D12828E0F5EB001CF856 /* Project object */ = {
			isa = PBXProject;
			attributes = {
				BuildIndependentTargetsInParallel = 1;
				LastSwiftUpdateCheck = 1400;
				LastUpgradeCheck = 1400;
				TargetAttributes = {
					FE42D12F28E0F5EB001CF856 = {
						CreatedOnToolsVersion = 14.0;
					};
					FE42D13F28E0F5ED001CF856 = {
						CreatedOnToolsVersion = 14.0;
						TestTargetID = FE42D12F28E0F5EB001CF856;
					};
					FE42D14928E0F5ED001CF856 = {
						CreatedOnToolsVersion = 14.0;
						TestTargetID = FE42D12F28E0F5EB001CF856;
					};
				};
			};
			buildConfigurationList = FE42D12B28E0F5EB001CF856 /* Build configuration list for PBXProject "Code History" */;
			compatibilityVersion = "Xcode 14.0";
			developmentRegion = en;
			hasScannedForEncodings = 0;
			knownRegions = (
				en,
				Base,
			);
			mainGroup = FE42D12728E0F5EB001CF856;
			productRefGroup = FE42D13128E0F5EB001CF856 /* Products */;
			projectDirPath = "";
			projectRoot = "";
			targets = (
				FE42D12F28E0F5EB001CF856 /* Code History */,
				FE42D13F28E0F5ED001CF856 /* Code HistoryTests */,
				FE42D14928E0F5ED001CF856 /* Code HistoryUITests */,
			);
		};
/* End PBXProject section */

/* Begin PBXResourcesBuildPhase section */
		FE42D12E28E0F5EB001CF856 /* Resources */ = {
			isa = PBXResourcesBuildPhase;
			buildActionMask = 2147483647;
			files = (
				FE42D13B28E0F5ED001CF856 /* Preview Assets.xcassets in Resources */,
				FE42D13828E0F5ED001CF856 /* Assets.xcassets in Resources */,
			);
			runOnlyForDeploymentPostprocessing = 0;
		};
		FE42D13E28E0F5ED001CF856 /* Resources */ = {
			isa = PBXResourcesBuildPhase;
			buildActionMask = 2147483647;
			files = (
			);
			runOnlyForDeploymentPostprocessing = 0;
		};
		FE42D14828E0F5ED001CF856 /* Resources */ = {
			isa = PBXResourcesBuildPhase;
			buildActionMask = 2147483647;
			files = (
			);
			runOnlyForDeploymentPostprocessing = 0;
		};
/* End PBXResourcesBuildPhase section */

/* Begin PBXSourcesBuildPhase section */
		FE42D12C28E0F5EB001CF856 /* Sources */ = {
			isa = PBXSourcesBuildPhase;
			buildActionMask = 2147483647;
			files = (
				FEC6358128E538D000024ACF /* GameViewModel.swift in Sources */,
				FEC6357228E49CDE00024ACF /* Question.swift in Sources */,
				FEC6357A28E531A700024ACF /* WelcomeView.swift in Sources */,
				FEC6357628E520E300024ACF /* Game.swift in Sources */,
				FE42D13628E0F5EB001CF856 /* GameView.swift in Sources */,
				FEC6357E28E5348800024ACF /* BottomTextView.swift in Sources */,
				FEC6357C28E533A900024ACF /* GameColor.swift in Sources */,
				FEC6357428E49F1B00024ACF /* ChoiceTextView.swift in Sources */,
				FE42D13428E0F5EB001CF856 /* Code_HistoryApp.swift in Sources */,
			);
			runOnlyForDeploymentPostprocessing = 0;
		};
		FE42D13C28E0F5ED001CF856 /* Sources */ = {
			isa = PBXSourcesBuildPhase;
			buildActionMask = 2147483647;
			files = (
				FE42D14528E0F5ED001CF856 /* Code_HistoryTests.swift in Sources */,
			);
			runOnlyForDeploymentPostprocessing = 0;
		};
		FE42D14628E0F5ED001CF856 /* Sources */ = {
			isa = PBXSourcesBuildPhase;
			buildActionMask = 2147483647;
			files = (
				FE42D15128E0F5ED001CF856 /* Code_HistoryUITestsLaunchTests.swift in Sources */,
				FE42D14F28E0F5ED001CF856 /* Code_HistoryUITests.swift in Sources */,
			);
			runOnlyForDeploymentPostprocessing = 0;
		};
/* End PBXSourcesBuildPhase section */

/* Begin PBXTargetDependency section */
		FE42D14228E0F5ED001CF856 /* PBXTargetDependency */ = {
			isa = PBXTargetDependency;
			target = FE42D12F28E0F5EB001CF856 /* Code History */;
			targetProxy = FE42D14128E0F5ED001CF856 /* PBXContainerItemProxy */;
		};
		FE42D14C28E0F5ED001CF856 /* PBXTargetDependency */ = {
			isa = PBXTargetDependency;
			target = FE42D12F28E0F5EB001CF856 /* Code History */;
			targetProxy = FE42D14B28E0F5ED001CF856 /* PBXContainerItemProxy */;
		};
/* End PBXTargetDependency section */

/* Begin XCBuildConfiguration section */
		FE42D15228E0F5ED001CF856 /* Debug */ = {
			isa = XCBuildConfiguration;
			buildSettings = {
				ALWAYS_SEARCH_USER_PATHS = NO;
				CLANG_ANALYZER_NONNULL = YES;
				CLANG_ANALYZER_NUMBER_OBJECT_CONVERSION = YES_AGGRESSIVE;
				CLANG_CXX_LANGUAGE_STANDARD = "gnu++20";
				CLANG_ENABLE_MODULES = YES;
				CLANG_ENABLE_OBJC_ARC = YES;
				CLANG_ENABLE_OBJC_WEAK = YES;
				CLANG_WARN_BLOCK_CAPTURE_AUTORELEASING = YES;
				CLANG_WARN_BOOL_CONVERSION = YES;
				CLANG_WARN_COMMA = YES;
				CLANG_WARN_CONSTANT_CONVERSION = YES;
				CLANG_WARN_DEPRECATED_OBJC_IMPLEMENTATIONS = YES;
				CLANG_WARN_DIRECT_OBJC_ISA_USAGE = YES_ERROR;
				CLANG_WARN_DOCUMENTATION_COMMENTS = YES;
				CLANG_WARN_EMPTY_BODY = YES;
				CLANG_WARN_ENUM_CONVERSION = YES;
				CLANG_WARN_INFINITE_RECURSION = YES;
				CLANG_WARN_INT_CONVERSION = YES;
				CLANG_WARN_NON_LITERAL_NULL_CONVERSION = YES;
				CLANG_WARN_OBJC_IMPLICIT_RETAIN_SELF = YES;
				CLANG_WARN_OBJC_LITERAL_CONVERSION = YES;
				CLANG_WARN_OBJC_ROOT_CLASS = YES_ERROR;
				CLANG_WARN_QUOTED_INCLUDE_IN_FRAMEWORK_HEADER = YES;
				CLANG_WARN_RANGE_LOOP_ANALYSIS = YES;
				CLANG_WARN_STRICT_PROTOTYPES = YES;
				CLANG_WARN_SUSPICIOUS_MOVE = YES;
				CLANG_WARN_UNGUARDED_AVAILABILITY = YES_AGGRESSIVE;
				CLANG_WARN_UNREACHABLE_CODE = YES;
				CLANG_WARN__DUPLICATE_METHOD_MATCH = YES;
				COPY_PHASE_STRIP = NO;
				DEBUG_INFORMATION_FORMAT = dwarf;
				ENABLE_STRICT_OBJC_MSGSEND = YES;
				ENABLE_TESTABILITY = YES;
				GCC_C_LANGUAGE_STANDARD = gnu11;
				GCC_DYNAMIC_NO_PIC = NO;
				GCC_NO_COMMON_BLOCKS = YES;
				GCC_OPTIMIZATION_LEVEL = 0;
				GCC_PREPROCESSOR_DEFINITIONS = (
					"DEBUG=1",
					"$(inherited)",
				);
				GCC_WARN_64_TO_32_BIT_CONVERSION = YES;
				GCC_WARN_ABOUT_RETURN_TYPE = YES_ERROR;
				GCC_WARN_UNDECLARED_SELECTOR = YES;
				GCC_WARN_UNINITIALIZED_AUTOS = YES_AGGRESSIVE;
				GCC_WARN_UNUSED_FUNCTION = YES;
				GCC_WARN_UNUSED_VARIABLE = YES;
				IPHONEOS_DEPLOYMENT_TARGET = 16.0;
				MTL_ENABLE_DEBUG_INFO = INCLUDE_SOURCE;
				MTL_FAST_MATH = YES;
				ONLY_ACTIVE_ARCH = YES;
				SDKROOT = iphoneos;
				SWIFT_ACTIVE_COMPILATION_CONDITIONS = DEBUG;
				SWIFT_OPTIMIZATION_LEVEL = "-Onone";
			};
			name = Debug;
		};
		FE42D15328E0F5ED001CF856 /* Release */ = {
			isa = XCBuildConfiguration;
			buildSettings = {
				ALWAYS_SEARCH_USER_PATHS = NO;
				CLANG_ANALYZER_NONNULL = YES;
				CLANG_ANALYZER_NUMBER_OBJECT_CONVERSION = YES_AGGRESSIVE;
				CLANG_CXX_LANGUAGE_STANDARD = "gnu++20";
				CLANG_ENABLE_MODULES = YES;
				CLANG_ENABLE_OBJC_ARC = YES;
				CLANG_ENABLE_OBJC_WEAK = YES;
				CLANG_WARN_BLOCK_CAPTURE_AUTORELEASING = YES;
				CLANG_WARN_BOOL_CONVERSION = YES;
				CLANG_WARN_COMMA = YES;
				CLANG_WARN_CONSTANT_CONVERSION = YES;
				CLANG_WARN_DEPRECATED_OBJC_IMPLEMENTATIONS = YES;
				CLANG_WARN_DIRECT_OBJC_ISA_USAGE = YES_ERROR;
				CLANG_WARN_DOCUMENTATION_COMMENTS = YES;
				CLANG_WARN_EMPTY_BODY = YES;
				CLANG_WARN_ENUM_CONVERSION = YES;
				CLANG_WARN_INFINITE_RECURSION = YES;
				CLANG_WARN_INT_CONVERSION = YES;
				CLANG_WARN_NON_LITERAL_NULL_CONVERSION = YES;
				CLANG_WARN_OBJC_IMPLICIT_RETAIN_SELF = YES;
				CLANG_WARN_OBJC_LITERAL_CONVERSION = YES;
				CLANG_WARN_OBJC_ROOT_CLASS = YES_ERROR;
				CLANG_WARN_QUOTED_INCLUDE_IN_FRAMEWORK_HEADER = YES;
				CLANG_WARN_RANGE_LOOP_ANALYSIS = YES;
				CLANG_WARN_STRICT_PROTOTYPES = YES;
				CLANG_WARN_SUSPICIOUS_MOVE = YES;
				CLANG_WARN_UNGUARDED_AVAILABILITY = YES_AGGRESSIVE;
				CLANG_WARN_UNREACHABLE_CODE = YES;
				CLANG_WARN__DUPLICATE_METHOD_MATCH = YES;
				COPY_PHASE_STRIP = NO;
				DEBUG_INFORMATION_FORMAT = "dwarf-with-dsym";
				ENABLE_NS_ASSERTIONS = NO;
				ENABLE_STRICT_OBJC_MSGSEND = YES;
				GCC_C_LANGUAGE_STANDARD = gnu11;
				GCC_NO_COMMON_BLOCKS = YES;
				GCC_WARN_64_TO_32_BIT_CONVERSION = YES;
				GCC_WARN_ABOUT_RETURN_TYPE = YES_ERROR;
				GCC_WARN_UNDECLARED_SELECTOR = YES;
				GCC_WARN_UNINITIALIZED_AUTOS = YES_AGGRESSIVE;
				GCC_WARN_UNUSED_FUNCTION = YES;
				GCC_WARN_UNUSED_VARIABLE = YES;
				IPHONEOS_DEPLOYMENT_TARGET = 16.0;
				MTL_ENABLE_DEBUG_INFO = NO;
				MTL_FAST_MATH = YES;
				SDKROOT = iphoneos;
				SWIFT_COMPILATION_MODE = wholemodule;
				SWIFT_OPTIMIZATION_LEVEL = "-O";
				VALIDATE_PRODUCT = YES;
			};
			name = Release;
		};
		FE42D15528E0F5ED001CF856 /* Debug */ = {
			isa = XCBuildConfiguration;
			buildSettings = {
				ASSETCATALOG_COMPILER_APPICON_NAME = AppIcon;
				ASSETCATALOG_COMPILER_GLOBAL_ACCENT_COLOR_NAME = AccentColor;
				CODE_SIGN_STYLE = Automatic;
				CURRENT_PROJECT_VERSION = 1;
				DEVELOPMENT_ASSET_PATHS = "\"Code History/Preview Content\"";
				ENABLE_PREVIEWS = YES;
				GENERATE_INFOPLIST_FILE = YES;
				INFOPLIST_KEY_UIApplicationSceneManifest_Generation = YES;
				INFOPLIST_KEY_UIApplicationSupportsIndirectInputEvents = YES;
				INFOPLIST_KEY_UILaunchScreen_Generation = YES;
				INFOPLIST_KEY_UISupportedInterfaceOrientations_iPad = "UIInterfaceOrientationPortrait UIInterfaceOrientationPortraitUpsideDown UIInterfaceOrientationLandscapeLeft UIInterfaceOrientationLandscapeRight";
				INFOPLIST_KEY_UISupportedInterfaceOrientations_iPhone = "UIInterfaceOrientationPortrait UIInterfaceOrientationLandscapeLeft UIInterfaceOrientationLandscapeRight";
				LD_RUNPATH_SEARCH_PATHS = (
					"$(inherited)",
					"@executable_path/Frameworks",
				);
				MARKETING_VERSION = 1.0;
				PRODUCT_BUNDLE_IDENTIFIER = "com.krwi.Code-History";
				PRODUCT_NAME = "$(TARGET_NAME)";
				SWIFT_EMIT_LOC_STRINGS = YES;
				SWIFT_VERSION = 5.0;
				TARGETED_DEVICE_FAMILY = "1,2";
			};
			name = Debug;
		};
		FE42D15628E0F5ED001CF856 /* Release */ = {
			isa = XCBuildConfiguration;
			buildSettings = {
				ASSETCATALOG_COMPILER_APPICON_NAME = AppIcon;
				ASSETCATALOG_COMPILER_GLOBAL_ACCENT_COLOR_NAME = AccentColor;
				CODE_SIGN_STYLE = Automatic;
				CURRENT_PROJECT_VERSION = 1;
				DEVELOPMENT_ASSET_PATHS = "\"Code History/Preview Content\"";
				ENABLE_PREVIEWS = YES;
				GENERATE_INFOPLIST_FILE = YES;
				INFOPLIST_KEY_UIApplicationSceneManifest_Generation = YES;
				INFOPLIST_KEY_UIApplicationSupportsIndirectInputEvents = YES;
				INFOPLIST_KEY_UILaunchScreen_Generation = YES;
				INFOPLIST_KEY_UISupportedInterfaceOrientations_iPad = "UIInterfaceOrientationPortrait UIInterfaceOrientationPortraitUpsideDown UIInterfaceOrientationLandscapeLeft UIInterfaceOrientationLandscapeRight";
				INFOPLIST_KEY_UISupportedInterfaceOrientations_iPhone = "UIInterfaceOrientationPortrait UIInterfaceOrientationLandscapeLeft UIInterfaceOrientationLandscapeRight";
				LD_RUNPATH_SEARCH_PATHS = (
					"$(inherited)",
					"@executable_path/Frameworks",
				);
				MARKETING_VERSION = 1.0;
				PRODUCT_BUNDLE_IDENTIFIER = "com.krwi.Code-History";
				PRODUCT_NAME = "$(TARGET_NAME)";
				SWIFT_EMIT_LOC_STRINGS = YES;
				SWIFT_VERSION = 5.0;
				TARGETED_DEVICE_FAMILY = "1,2";
			};
			name = Release;
		};
		FE42D15828E0F5ED001CF856 /* Debug */ = {
			isa = XCBuildConfiguration;
			buildSettings = {
				ALWAYS_EMBED_SWIFT_STANDARD_LIBRARIES = YES;
				BUNDLE_LOADER = "$(TEST_HOST)";
				CODE_SIGN_STYLE = Automatic;
				CURRENT_PROJECT_VERSION = 1;
				GENERATE_INFOPLIST_FILE = YES;
				IPHONEOS_DEPLOYMENT_TARGET = 16.0;
				MARKETING_VERSION = 1.0;
				PRODUCT_BUNDLE_IDENTIFIER = "com.krwi.Code-HistoryTests";
				PRODUCT_NAME = "$(TARGET_NAME)";
				SWIFT_EMIT_LOC_STRINGS = NO;
				SWIFT_VERSION = 5.0;
				TARGETED_DEVICE_FAMILY = "1,2";
				TEST_HOST = "$(BUILT_PRODUCTS_DIR)/Code History.app/$(BUNDLE_EXECUTABLE_FOLDER_PATH)/Code History";
			};
			name = Debug;
		};
		FE42D15928E0F5ED001CF856 /* Release */ = {
			isa = XCBuildConfiguration;
			buildSettings = {
				ALWAYS_EMBED_SWIFT_STANDARD_LIBRARIES = YES;
				BUNDLE_LOADER = "$(TEST_HOST)";
				CODE_SIGN_STYLE = Automatic;
				CURRENT_PROJECT_VERSION = 1;
				GENERATE_INFOPLIST_FILE = YES;
				IPHONEOS_DEPLOYMENT_TARGET = 16.0;
				MARKETING_VERSION = 1.0;
				PRODUCT_BUNDLE_IDENTIFIER = "com.krwi.Code-HistoryTests";
				PRODUCT_NAME = "$(TARGET_NAME)";
				SWIFT_EMIT_LOC_STRINGS = NO;
				SWIFT_VERSION = 5.0;
				TARGETED_DEVICE_FAMILY = "1,2";
				TEST_HOST = "$(BUILT_PRODUCTS_DIR)/Code History.app/$(BUNDLE_EXECUTABLE_FOLDER_PATH)/Code History";
			};
			name = Release;
		};
		FE42D15B28E0F5ED001CF856 /* Debug */ = {
			isa = XCBuildConfiguration;
			buildSettings = {
				ALWAYS_EMBED_SWIFT_STANDARD_LIBRARIES = YES;
				CODE_SIGN_STYLE = Automatic;
				CURRENT_PROJECT_VERSION = 1;
				GENERATE_INFOPLIST_FILE = YES;
				MARKETING_VERSION = 1.0;
				PRODUCT_BUNDLE_IDENTIFIER = "com.krwi.Code-HistoryUITests";
				PRODUCT_NAME = "$(TARGET_NAME)";
				SWIFT_EMIT_LOC_STRINGS = NO;
				SWIFT_VERSION = 5.0;
				TARGETED_DEVICE_FAMILY = "1,2";
				TEST_TARGET_NAME = "Code History";
			};
			name = Debug;
		};
		FE42D15C28E0F5ED001CF856 /* Release */ = {
			isa = XCBuildConfiguration;
			buildSettings = {
				ALWAYS_EMBED_SWIFT_STANDARD_LIBRARIES = YES;
				CODE_SIGN_STYLE = Automatic;
				CURRENT_PROJECT_VERSION = 1;
				GENERATE_INFOPLIST_FILE = YES;
				MARKETING_VERSION = 1.0;
				PRODUCT_BUNDLE_IDENTIFIER = "com.krwi.Code-HistoryUITests";
				PRODUCT_NAME = "$(TARGET_NAME)";
				SWIFT_EMIT_LOC_STRINGS = NO;
				SWIFT_VERSION = 5.0;
				TARGETED_DEVICE_FAMILY = "1,2";
				TEST_TARGET_NAME = "Code History";
			};
			name = Release;
		};
/* End XCBuildConfiguration section */

/* Begin XCConfigurationList section */
		FE42D12B28E0F5EB001CF856 /* Build configuration list for PBXProject "Code History" */ = {
			isa = XCConfigurationList;
			buildConfigurations = (
				FE42D15228E0F5ED001CF856 /* Debug */,
				FE42D15328E0F5ED001CF856 /* Release */,
			);
			defaultConfigurationIsVisible = 0;
			defaultConfigurationName = Release;
		};
		FE42D15428E0F5ED001CF856 /* Build configuration list for PBXNativeTarget "Code History" */ = {
			isa = XCConfigurationList;
			buildConfigurations = (
				FE42D15528E0F5ED001CF856 /* Debug */,
				FE42D15628E0F5ED001CF856 /* Release */,
			);
			defaultConfigurationIsVisible = 0;
			defaultConfigurationName = Release;
		};
		FE42D15728E0F5ED001CF856 /* Build configuration list for PBXNativeTarget "Code HistoryTests" */ = {
			isa = XCConfigurationList;
			buildConfigurations = (
				FE42D15828E0F5ED001CF856 /* Debug */,
				FE42D15928E0F5ED001CF856 /* Release */,
			);
			defaultConfigurationIsVisible = 0;
			defaultConfigurationName = Release;
		};
		FE42D15A28E0F5ED001CF856 /* Build configuration list for PBXNativeTarget "Code HistoryUITests" */ = {
			isa = XCConfigurationList;
			buildConfigurations = (
				FE42D15B28E0F5ED001CF856 /* Debug */,
				FE42D15C28E0F5ED001CF856 /* Release */,
			);
			defaultConfigurationIsVisible = 0;
			defaultConfigurationName = Release;
		};
/* End XCConfigurationList section */
	};
	rootObject = FE42D12828E0F5EB001CF856 /* Project object */;
}
